
Microsoft Visual Studio Solution File, Format Version 12.00
# Visual Studio Version 16
VisualStudioVersion = 16.0.30907.101
MinimumVisualStudioVersion = 10.0.40219.1
Project("{FAE04EC0-301F-11D3-BF4B-00C04F79EFBC}") = "POO_Example", "POO_Example\POO_Example.csproj", "{F2309168-8855-4AAF-8736-3EA938F768C4}"
EndProject
Global
	GlobalSection(SolutionConfigurationPlatforms) = preSolution
		Debug|Any CPU = Debug|Any CPU
		Release|Any CPU = Release|Any CPU
	EndGlobalSection
	GlobalSection(ProjectConfigurationPlatforms) = postSolution
		{F2309168-8855-4AAF-8736-3EA938F768C4}.Debug|Any CPU.ActiveCfg = Debug|Any CPU
		{F2309168-8855-4AAF-8736-3EA938F768C4}.Debug|Any CPU.Build.0 = Debug|Any CPU
		{F2309168-8855-4AAF-8736-3EA938F768C4}.Release|Any CPU.ActiveCfg = Release|Any CPU
		{F2309168-8855-4AAF-8736-3EA938F768C4}.Release|Any CPU.Build.0 = Release|Any CPU
	EndGlobalSection
	GlobalSection(SolutionProperties) = preSolution
		HideSolutionNode = FALSE
	EndGlobalSection
	GlobalSection(ExtensibilityGlobals) = postSolution
		SolutionGuid = {FE0611BF-B4FC-471A-A7F9-09506AF479FB}
	EndGlobalSection
EndGlobal
